github.com/goccy/go-json v0.9.10 h1:hCeNmprSNLB8B8vQKWl6DpuH0t60oEs+TAk9a7CScKc=
github.com/goccy/go-json v0.9.10/go.mod h1:6MelG93GURQebXPDq3khkgXZkazVtN9CRI+MGFi0w8I=
github.com/kpango/fastime v1.1.4 h1:pus9JgJBg/8Jie3ozayA4yNIV67BUPhbq0wMZY3CtYo=
github.com/kpango/fastime v1.1.4/go.mod h1:tTNDbIo5qL6D7g5vh2YbkyUbOVP2kD/we3rSjN22PMY=
github.com/kpango/glg v1.6.12 h1:DyfcHrBAOpnYU85YJK4QUynQ2WA73r+9+lc7XxvGiws=
github.com/kpango/glg v1.6.12/go.mod h1:E8OndzZYI5jowBGwWsKvYLuwtjSKjRzSERjjYppyRjc=
github.com/sirupsen/logrus v1.9.0 h1:trlNQbNUG3OdDrDil03MCb1H2o9nJ1x4/5LYw7byDE0=
go.uber.org/atomic v1.7.0 h1:ADUqmZGgLDDfbSL9ZmPxKTybcoEYHgpYfELNoN+7hsw=
go.uber.org/multierr v1.6.0 h1:y6IPFStTAIT5Ytl7/XYmHvzXQ7S3g/IeZW9hyZ5thw4=
go.uber.org/zap v1.21.0 h1:WefMeulhovoZ2sYXz7st6K0sLj7bBhpiFaud4r4zST8=
golang.org/x/sys v0.0.0-20220715151400-c0bba94af5f8 h1:0A+M6Uqn+Eje4kHMK80dtF3JCXC4ykBgQG4Fe06QRhQ=
